dependencies:
- name: common
  repository: https://charts.bitnami.com/bitnami
  version: 1.17.1
- name: kafka
  repository: https://charts.bitnami.com/bitnami
  version: 20.0.2
- name: postgresql
  repository: https://charts.bitnami.com/bitnami
  version: 11.9.13
digest: sha256:1d884fd86fbcaeb081e4dedec3650a548d767794e99ff3d68f1987d57664b3fd
generated: "2023-01-11T13:54:19.036737621+01:00"
