dependencies:
- name: common
  repository: https://charts.bitnami.com/bitnami
  version: 1.17.1
- name: kafka
  repository: https://charts.bitnami.com/bitnami
  version: 18.1.3
- name: postgresql
  repository: https://charts.bitnami.com/bitnami
  version: 11.9.13
digest: sha256:6eb34a84d57cf2c8982d8beeceacb595f84f0922043e3361f111e8542936b318
generated: "2022-12-06T11:53:55.388197-05:00"
